
Microsoft Visual Studio Solution File, Format Version 12.00
# Visual Studio Version 16
VisualStudioVersion = 16.0.30104.148
MinimumVisualStudioVersion = 10.0.40219.1
Project("{FAE04EC0-301F-11D3-BF4B-00C04F79EFBC}") = "MyMLApp", "MyMLApp\MyMLApp.csproj", "{2C41CC2C-B6B8-49CE-A2FA-F04764682900}"
EndProject
Project("{9A19103F-16F7-4668-BE54-9A1E7A4F7556}") = "MyMLAppML.Model", "MyMLAppML.Model\MyMLAppML.Model.csproj", "{6CB43266-E4F9-4118-9392-FA7B5F23BF58}"
EndProject
Project("{9A19103F-16F7-4668-BE54-9A1E7A4F7556}") = "MyMLAppML.ConsoleApp", "MyMLAppML.ConsoleApp\MyMLAppML.ConsoleApp.csproj", "{64111948-738F-47AF-A65A-6CA8E987767E}"
EndProject
Global
	GlobalSection(SolutionConfigurationPlatforms) = preSolution
		Debug|Any CPU = Debug|Any CPU
		Release|Any CPU = Release|Any CPU
	EndGlobalSection
	GlobalSection(ProjectConfigurationPlatforms) = postSolution
		{2C41CC2C-B6B8-49CE-A2FA-F04764682900}.Debug|Any CPU.ActiveCfg = Debug|Any CPU
		{2C41CC2C-B6B8-49CE-A2FA-F04764682900}.Debug|Any CPU.Build.0 = Debug|Any CPU
		{2C41CC2C-B6B8-49CE-A2FA-F04764682900}.Release|Any CPU.ActiveCfg = Release|Any CPU
		{2C41CC2C-B6B8-49CE-A2FA-F04764682900}.Release|Any CPU.Build.0 = Release|Any CPU
		{6CB43266-E4F9-4118-9392-FA7B5F23BF58}.Debug|Any CPU.ActiveCfg = Debug|Any CPU
		{6CB43266-E4F9-4118-9392-FA7B5F23BF58}.Debug|Any CPU.Build.0 = Debug|Any CPU
		{6CB43266-E4F9-4118-9392-FA7B5F23BF58}.Release|Any CPU.ActiveCfg = Release|Any CPU
		{6CB43266-E4F9-4118-9392-FA7B5F23BF58}.Release|Any CPU.Build.0 = Release|Any CPU
		{64111948-738F-47AF-A65A-6CA8E987767E}.Debug|Any CPU.ActiveCfg = Debug|Any CPU
		{64111948-738F-47AF-A65A-6CA8E987767E}.Debug|Any CPU.Build.0 = Debug|Any CPU
		{64111948-738F-47AF-A65A-6CA8E987767E}.Release|Any CPU.ActiveCfg = Release|Any CPU
		{64111948-738F-47AF-A65A-6CA8E987767E}.Release|Any CPU.Build.0 = Release|Any CPU
	EndGlobalSection
	GlobalSection(SolutionProperties) = preSolution
		HideSolutionNode = FALSE
	EndGlobalSection
	GlobalSection(ExtensibilityGlobals) = postSolution
		SolutionGuid = {AD380342-F0CE-40D7-BD33-A7CF17DE2F7A}
	EndGlobalSection
EndGlobal
